{
  "name": "swx-devops",
  "version": "1.0.0",
  "lockfileVersion": 1,
  "requires": true,
  "dependencies": {
    "@mumbacloud/dmport": {
      "version": "git://github.com/sofwerx/dmport.git#d7b6d14333136b263a3a8a7d958384aec16c2b7d",
      "from": "git://github.com/sofwerx/dmport.git",
      "requires": {
        "commander": "^2.9.0"
      }
    },
    "commander": {
      "version": "2.17.1",
      "resolved": "https://registry.npmjs.org/commander/-/commander-2.17.1.tgz",
      "integrity": "sha512-wPMUt6FnH2yzG95SA6mzjQOEKUU3aLaDEmzs1ti+1E9h+CsrZghRlqEM/EJ4KscsQVG8uNN4uVreUeT8+drlgg=="
    }
  }
}
