{
  "name": "swx-devops",
  "version": "1.0.0",
  "lockfileVersion": 1,
  "requires": true,
  "dependencies": {
    "@mumbacloud/dmport": {
      "version": "0.0.16",
      "resolved": "https://registry.npmjs.org/@mumbacloud/dmport/-/dmport-0.0.16.tgz",
      "integrity": "sha1-O0yMAlSQEvfMT0Wmvw+x/ewvoVY=",
      "requires": {
        "commander": "2.11.0"
      }
    },
    "commander": {
      "version": "2.11.0",
      "resolved": "https://registry.npmjs.org/commander/-/commander-2.11.0.tgz",
      "integrity": "sha512-b0553uYA5YAEGgyYIGYROzKQ7X5RAqedkfjiZxwi0kL1g3bOaBNNZfYkzt/CL0umgD5wc9Jec2FbB98CjkMRvQ=="
    }
  }
}
