{
    "version": 3,
    "terraform_version": "0.8.2",
    "serial": 1,
    "lineage": "72e2794e-d3d8-4c17-bfbf-8cfc85081c3d",
    "modules": [
        {
            "path": [
                "root"
            ],
            "outputs": {},
            "resources": {
                "aws_iam_instance_profile.iam_instance_profile_docker": {
                    "type": "aws_iam_instance_profile",
                    "depends_on": [
                        "aws_iam_role.iam_role_docker"
                    ],
                    "primary": {
                        "id": "nifi-dev-docker_instance_profile",
                        "attributes": {
                            "arn": "arn:aws:iam::094013511888:instance-profile/nifi-dev-docker_instance_profile",
                            "id": "nifi-dev-docker_instance_profile",
                            "name": "nifi-dev-docker_instance_profile",
                            "path": "/",
                            "roles.#": "1",
                            "roles.3205083022": "nifi-dev-docker_instance_role"
                        },
                        "meta": {},
                        "tainted": false
                    },
                    "deposed": [],
                    "provider": ""
                },
                "aws_iam_policy.iam_policy_docker": {
                    "type": "aws_iam_policy",
                    "depends_on": [],
                    "primary": {
                        "id": "arn:aws:iam::094013511888:policy/nifi-dev-docker_instance_policy",
                        "attributes": {
                            "arn": "arn:aws:iam::094013511888:policy/nifi-dev-docker_instance_policy",
                            "description": "Platform IAM Policy",
                            "id": "arn:aws:iam::094013511888:policy/nifi-dev-docker_instance_policy",
                            "name": "nifi-dev-docker_instance_policy",
                            "path": "/",
                            "policy": "{\n  \"Version\": \"2012-10-17\",\n  \"Statement\": [\n     {\n       \"Effect\": \"Allow\",\n       \"Action\": [\n         \"iam:ListInstanceProfiles\"\n       ],\n       \"Resource\": \"*\"\n    }\n  ]\n}\n"
                        },
                        "meta": {},
                        "tainted": false
                    },
                    "deposed": [],
                    "provider": ""
                },
                "aws_iam_policy_attachment.iam_policy_attachment_docker": {
                    "type": "aws_iam_policy_attachment",
                    "depends_on": [
                        "aws_iam_policy.iam_policy_docker",
                        "aws_iam_role.iam_role_docker"
                    ],
                    "primary": {
                        "id": "nifi-dev-docker_policy_attach",
                        "attributes": {
                            "groups.#": "0",
                            "id": "nifi-dev-docker_policy_attach",
                            "name": "nifi-dev-docker_policy_attach",
                            "policy_arn": "arn:aws:iam::094013511888:policy/nifi-dev-docker_instance_policy",
                            "roles.#": "1",
                            "roles.3205083022": "nifi-dev-docker_instance_role",
                            "users.#": "0"
                        },
                        "meta": {},
                        "tainted": false
                    },
                    "deposed": [],
                    "provider": ""
                },
                "aws_iam_role.iam_role_docker": {
                    "type": "aws_iam_role",
                    "depends_on": [],
                    "primary": {
                        "id": "nifi-dev-docker_instance_role",
                        "attributes": {
                            "arn": "arn:aws:iam::094013511888:role/nifi-dev-docker_instance_role",
                            "assume_role_policy": "{\"Version\":\"2012-10-17\",\"Statement\":[{\"Sid\":\"\",\"Effect\":\"Allow\",\"Principal\":{\"Service\":\"ec2.amazonaws.com\"},\"Action\":\"sts:AssumeRole\"}]}",
                            "create_date": "2017-10-03T20:24:25Z",
                            "id": "nifi-dev-docker_instance_role",
                            "name": "nifi-dev-docker_instance_role",
                            "path": "/",
                            "unique_id": "AROAJHXA5WTPOD7AXEQDK"
                        },
                        "meta": {},
                        "tainted": false
                    },
                    "deposed": [],
                    "provider": ""
                },
                "aws_instance.aws_instance_docker": {
                    "type": "aws_instance",
                    "depends_on": [
                        "aws_iam_instance_profile.iam_instance_profile_docker",
                        "aws_key_pair.ssh_key_docker",
                        "aws_security_group.sg_docker",
                        "aws_subnet.subnet"
                    ],
                    "primary": {
                        "id": "i-030d80b3079964b97",
                        "attributes": {
                            "ami": "ami-44e10d3e",
                            "associate_public_ip_address": "true",
                            "availability_zone": "us-east-1a",
                            "disable_api_termination": "false",
                            "ebs_block_device.#": "0",
                            "ebs_optimized": "false",
                            "ephemeral_block_device.#": "0",
                            "iam_instance_profile": "nifi-dev-docker_instance_profile",
                            "id": "i-030d80b3079964b97",
                            "instance_state": "running",
                            "instance_type": "m4.large",
                            "key_name": "nifi-dev-docker",
                            "monitoring": "false",
                            "network_interface_id": "eni-36c74182",
                            "private_dns": "ip-10-1-2-235.ec2.internal",
                            "private_ip": "10.1.2.235",
                            "public_dns": "ec2-34-207-132-100.compute-1.amazonaws.com",
                            "public_ip": "34.207.132.100",
                            "root_block_device.#": "1",
                            "root_block_device.0.delete_on_termination": "true",
                            "root_block_device.0.iops": "300",
                            "root_block_device.0.volume_size": "100",
                            "root_block_device.0.volume_type": "gp2",
                            "security_groups.#": "0",
                            "source_dest_check": "true",
                            "subnet_id": "subnet-cee7e794",
                            "tags.%": "3",
                            "tags.Environment": "dev",
                            "tags.Name": "nifi-dev-docker-0",
                            "tags.Project": "nifi",
                            "tenancy": "default",
                            "user_data": "502051b844ab2d04a90075c045756a751c961a84",
                            "vpc_security_group_ids.#": "1",
                            "vpc_security_group_ids.2164414057": "sg-cfa198bc"
                        },
                        "meta": {
                            "schema_version": "1"
                        },
                        "tainted": false
                    },
                    "deposed": [],
                    "provider": ""
                },
                "aws_internet_gateway.igw": {
                    "type": "aws_internet_gateway",
                    "depends_on": [
                        "aws_vpc.vpc"
                    ],
                    "primary": {
                        "id": "igw-e7874a9e",
                        "attributes": {
                            "id": "igw-e7874a9e",
                            "tags.%": "3",
                            "tags.Environment": "dev",
                            "tags.Name": "igw-nifi-dev",
                            "tags.Project": "nifi",
                            "vpc_id": "vpc-b914e4c1"
                        },
                        "meta": {},
                        "tainted": false
                    },
                    "deposed": [],
                    "provider": ""
                },
                "aws_key_pair.ssh_key_docker": {
                    "type": "aws_key_pair",
                    "depends_on": [],
                    "primary": {
                        "id": "nifi-dev-docker",
                        "attributes": {
                            "fingerprint": "6e:8b:9d:23:d7:45:50:5f:ba:5d:19:10:1b:65:1d:07",
                            "id": "nifi-dev-docker",
                            "key_name": "nifi-dev-docker",
                            "public_key": "ssh-rsa AAAAB3NzaC1yc2EAAAADAQABAAACAQC+sv5Vi9t3L/nm0bJSsmc/Ip84GUWFRKkZtBXCxXFJAwVSH5rtk47Z94kqPlnfrkdzMRkVBykg7B3ENfO+bKBxi8MQWFxLR2LvIgZrVry7m5iJvKVQqL75X/LPrpVEFnyLfRzRZ1aJ3g1Szo7A5/wIYP6ZSGX1TktjA0+xL3/cP1T5Hxxxk7czp5PkqdmfE44kpDa9MyefI5KrKz41xfPG+Uct0pe1OeEtYEhnXAKPkKfbw6Tl9KBHG6xEp6hrVGsg/UkZyhD6s1CDp4tgtHC8rh+FhsrtGDgPG12A7yOlyA4VVLZ+4jfLz3gZS0tcGkeZ2dakSw0aL3vyZIEAqQ6/3uPX8h6/k51Y1AQLN8LpuiiSPNtffeuwG5SW0MIOrak8wViCHEd64A9/ugbqVQN0Xvn1a3ZiRqhX72CkTeQeqA3F9k3vD0dBVd/9STQinJ8t6V5AobhP58+Ac1eD95a7A5wOk+1NKOE6dC8Gn/ee7exQWYO2SkfemOMLaB9oEVgsxX0x2oRbxRKrOvWkO+FNzAvxji2G3Oab5Bt9pDDmtW18ShR1Bd9G/BsbC9qhC/JYLQmDiDT19n1OPfzWbHQ/DJP8o8bDREjXyoLW1laM26U99FYEjXkrJtMlKDgpuVtFGq5NhZX8RiHxetJZUoxe31VTmL+/68bA3DqOuaqlDw== ianblenke@icbvtcmbp.lan"
                        },
                        "meta": {
                            "schema_version": "1"
                        },
                        "tainted": false
                    },
                    "deposed": [],
                    "provider": ""
                },
                "aws_route_table.route": {
                    "type": "aws_route_table",
                    "depends_on": [
                        "aws_internet_gateway.igw",
                        "aws_vpc.vpc"
                    ],
                    "primary": {
                        "id": "rtb-d6ec1fac",
                        "attributes": {
                            "id": "rtb-d6ec1fac",
                            "propagating_vgws.#": "0",
                            "route.#": "1",
                            "route.1714463164.cidr_block": "0.0.0.0/0",
                            "route.1714463164.gateway_id": "igw-e7874a9e",
                            "route.1714463164.instance_id": "",
                            "route.1714463164.nat_gateway_id": "",
                            "route.1714463164.network_interface_id": "",
                            "route.1714463164.vpc_peering_connection_id": "",
                            "tags.%": "3",
                            "tags.Environment": "dev",
                            "tags.Name": "route-nifi-dev",
                            "tags.Project": "nifi",
                            "vpc_id": "vpc-b914e4c1"
                        },
                        "meta": {},
                        "tainted": false
                    },
                    "deposed": [],
                    "provider": ""
                },
                "aws_route_table_association.rta": {
                    "type": "aws_route_table_association",
                    "depends_on": [
                        "aws_route_table.route",
                        "aws_subnet.subnet"
                    ],
                    "primary": {
                        "id": "rtbassoc-67a7b91d",
                        "attributes": {
                            "id": "rtbassoc-67a7b91d",
                            "route_table_id": "rtb-d6ec1fac",
                            "subnet_id": "subnet-cee7e794"
                        },
                        "meta": {},
                        "tainted": false
                    },
                    "deposed": [],
                    "provider": ""
                },
                "aws_security_group.sg_docker": {
                    "type": "aws_security_group",
                    "depends_on": [
                        "aws_vpc.vpc"
                    ],
                    "primary": {
                        "id": "sg-cfa198bc",
                        "attributes": {
                            "description": "Security Group for nifi-dev docker Tunnelling",
                            "egress.#": "1",
                            "egress.482069346.cidr_blocks.#": "1",
                            "egress.482069346.cidr_blocks.0": "0.0.0.0/0",
                            "egress.482069346.from_port": "0",
                            "egress.482069346.prefix_list_ids.#": "0",
                            "egress.482069346.protocol": "-1",
                            "egress.482069346.security_groups.#": "0",
                            "egress.482069346.self": "false",
                            "egress.482069346.to_port": "0",
                            "id": "sg-cfa198bc",
                            "ingress.#": "5",
                            "ingress.1799340084.cidr_blocks.#": "1",
                            "ingress.1799340084.cidr_blocks.0": "0.0.0.0/0",
                            "ingress.1799340084.from_port": "-1",
                            "ingress.1799340084.protocol": "icmp",
                            "ingress.1799340084.security_groups.#": "0",
                            "ingress.1799340084.self": "false",
                            "ingress.1799340084.to_port": "-1",
                            "ingress.2541437006.cidr_blocks.#": "1",
                            "ingress.2541437006.cidr_blocks.0": "0.0.0.0/0",
                            "ingress.2541437006.from_port": "22",
                            "ingress.2541437006.protocol": "tcp",
                            "ingress.2541437006.security_groups.#": "0",
                            "ingress.2541437006.self": "false",
                            "ingress.2541437006.to_port": "22",
                            "ingress.2919652752.cidr_blocks.#": "1",
                            "ingress.2919652752.cidr_blocks.0": "0.0.0.0/0",
                            "ingress.2919652752.from_port": "2376",
                            "ingress.2919652752.protocol": "tcp",
                            "ingress.2919652752.security_groups.#": "0",
                            "ingress.2919652752.self": "false",
                            "ingress.2919652752.to_port": "2376",
                            "ingress.516175195.cidr_blocks.#": "1",
                            "ingress.516175195.cidr_blocks.0": "0.0.0.0/0",
                            "ingress.516175195.from_port": "8080",
                            "ingress.516175195.protocol": "tcp",
                            "ingress.516175195.security_groups.#": "0",
                            "ingress.516175195.self": "false",
                            "ingress.516175195.to_port": "8080",
                            "ingress.753360330.cidr_blocks.#": "0",
                            "ingress.753360330.from_port": "0",
                            "ingress.753360330.protocol": "-1",
                            "ingress.753360330.security_groups.#": "0",
                            "ingress.753360330.self": "true",
                            "ingress.753360330.to_port": "0",
                            "name": "nifi-dev-docker",
                            "owner_id": "094013511888",
                            "tags.%": "3",
                            "tags.Environment": "dev",
                            "tags.Name": "sg-nifi-dev-docker",
                            "tags.Project": "nifi",
                            "vpc_id": "vpc-b914e4c1"
                        },
                        "meta": {},
                        "tainted": false
                    },
                    "deposed": [],
                    "provider": ""
                },
                "aws_security_group_rule.sg_docker_egress_all_out": {
                    "type": "aws_security_group_rule",
                    "depends_on": [
                        "aws_security_group.sg_docker"
                    ],
                    "primary": {
                        "id": "sgrule-3304762013",
                        "attributes": {
                            "cidr_blocks.#": "1",
                            "cidr_blocks.0": "0.0.0.0/0",
                            "from_port": "0",
                            "id": "sgrule-3304762013",
                            "prefix_list_ids.#": "0",
                            "protocol": "-1",
                            "security_group_id": "sg-cfa198bc",
                            "self": "false",
                            "to_port": "0",
                            "type": "egress"
                        },
                        "meta": {
                            "schema_version": "2"
                        },
                        "tainted": false
                    },
                    "deposed": [],
                    "provider": ""
                },
                "aws_security_group_rule.sg_docker_ingress_all_icmp": {
                    "type": "aws_security_group_rule",
                    "depends_on": [
                        "aws_security_group.sg_docker"
                    ],
                    "primary": {
                        "id": "sgrule-970564017",
                        "attributes": {
                            "cidr_blocks.#": "1",
                            "cidr_blocks.0": "0.0.0.0/0",
                            "from_port": "-1",
                            "id": "sgrule-970564017",
                            "prefix_list_ids.#": "0",
                            "protocol": "icmp",
                            "security_group_id": "sg-cfa198bc",
                            "self": "false",
                            "to_port": "-1",
                            "type": "ingress"
                        },
                        "meta": {
                            "schema_version": "2"
                        },
                        "tainted": false
                    },
                    "deposed": [],
                    "provider": ""
                },
                "aws_security_group_rule.sg_docker_ingress_all_internal": {
                    "type": "aws_security_group_rule",
                    "depends_on": [
                        "aws_security_group.sg_docker"
                    ],
                    "primary": {
                        "id": "sgrule-3490291966",
                        "attributes": {
                            "cidr_blocks.#": "0",
                            "from_port": "0",
                            "id": "sgrule-3490291966",
                            "prefix_list_ids.#": "0",
                            "protocol": "-1",
                            "security_group_id": "sg-cfa198bc",
                            "self": "false",
                            "source_security_group_id": "sg-cfa198bc",
                            "to_port": "0",
                            "type": "ingress"
                        },
                        "meta": {
                            "schema_version": "2"
                        },
                        "tainted": false
                    },
                    "deposed": [],
                    "provider": ""
                },
                "aws_security_group_rule.sg_docker_ingress_docker": {
                    "type": "aws_security_group_rule",
                    "depends_on": [
                        "aws_security_group.sg_docker"
                    ],
                    "primary": {
                        "id": "sgrule-666689846",
                        "attributes": {
                            "cidr_blocks.#": "1",
                            "cidr_blocks.0": "0.0.0.0/0",
                            "from_port": "2376",
                            "id": "sgrule-666689846",
                            "prefix_list_ids.#": "0",
                            "protocol": "tcp",
                            "security_group_id": "sg-cfa198bc",
                            "self": "false",
                            "to_port": "2376",
                            "type": "ingress"
                        },
                        "meta": {
                            "schema_version": "2"
                        },
                        "tainted": false
                    },
                    "deposed": [],
                    "provider": ""
                },
                "aws_security_group_rule.sg_docker_ingress_nifi": {
                    "type": "aws_security_group_rule",
                    "depends_on": [
                        "aws_security_group.sg_docker"
                    ],
                    "primary": {
                        "id": "sgrule-1289467419",
                        "attributes": {
                            "cidr_blocks.#": "1",
                            "cidr_blocks.0": "0.0.0.0/0",
                            "from_port": "8080",
                            "id": "sgrule-1289467419",
                            "prefix_list_ids.#": "0",
                            "protocol": "tcp",
                            "security_group_id": "sg-cfa198bc",
                            "self": "false",
                            "to_port": "8080",
                            "type": "ingress"
                        },
                        "meta": {
                            "schema_version": "2"
                        },
                        "tainted": false
                    },
                    "deposed": [],
                    "provider": ""
                },
                "aws_security_group_rule.sg_docker_ingress_ssh": {
                    "type": "aws_security_group_rule",
                    "depends_on": [
                        "aws_security_group.sg_docker"
                    ],
                    "primary": {
                        "id": "sgrule-2995470570",
                        "attributes": {
                            "cidr_blocks.#": "1",
                            "cidr_blocks.0": "0.0.0.0/0",
                            "from_port": "22",
                            "id": "sgrule-2995470570",
                            "prefix_list_ids.#": "0",
                            "protocol": "tcp",
                            "security_group_id": "sg-cfa198bc",
                            "self": "false",
                            "to_port": "22",
                            "type": "ingress"
                        },
                        "meta": {
                            "schema_version": "2"
                        },
                        "tainted": false
                    },
                    "deposed": [],
                    "provider": ""
                },
                "aws_subnet.subnet": {
                    "type": "aws_subnet",
                    "depends_on": [
                        "aws_vpc.vpc"
                    ],
                    "primary": {
                        "id": "subnet-cee7e794",
                        "attributes": {
                            "availability_zone": "us-east-1a",
                            "cidr_block": "10.1.0.0/22",
                            "id": "subnet-cee7e794",
                            "map_public_ip_on_launch": "false",
                            "tags.%": "3",
                            "tags.Environment": "dev",
                            "tags.Name": "subnet0-nifi-dev",
                            "tags.Project": "nifi",
                            "vpc_id": "vpc-b914e4c1"
                        },
                        "meta": {},
                        "tainted": false
                    },
                    "deposed": [],
                    "provider": ""
                },
                "aws_vpc.vpc": {
                    "type": "aws_vpc",
                    "depends_on": [],
                    "primary": {
                        "id": "vpc-b914e4c1",
                        "attributes": {
                            "cidr_block": "10.1.0.0/16",
                            "default_network_acl_id": "acl-d7731baf",
                            "default_route_table_id": "rtb-18e81b62",
                            "default_security_group_id": "sg-3b9ba248",
                            "dhcp_options_id": "dopt-fa1ce79e",
                            "enable_classiclink": "false",
                            "enable_dns_hostnames": "true",
                            "enable_dns_support": "true",
                            "id": "vpc-b914e4c1",
                            "instance_tenancy": "default",
                            "main_route_table_id": "rtb-18e81b62",
                            "tags.%": "3",
                            "tags.Environment": "dev",
                            "tags.Name": "vpc-nifi-dev",
                            "tags.Project": "nifi"
                        },
                        "meta": {},
                        "tainted": false
                    },
                    "deposed": [],
                    "provider": ""
                },
                "data.terraform_remote_state.network": {
                    "type": "terraform_remote_state",
                    "depends_on": [],
                    "primary": {
                        "id": "2017-10-03 20:43:20.521945078 +0000 UTC",
                        "attributes": {
                            "backend": "s3",
                            "config.%": "3",
                            "config.bucket": "sofwerx-terraform",
                            "config.key": "nifi/dev/terraform.tfstate",
                            "config.region": "us-east-1",
                            "id": "2017-10-03 20:43:20.521945078 +0000 UTC"
                        },
                        "meta": {},
                        "tainted": false
                    },
                    "deposed": [],
                    "provider": ""
                }
            },
            "depends_on": []
        }
    ]
}
